{
	"name": "your-project-name",
	"lockfileVersion": 3,
	"requires": true,
	"packages": {
		"": {
			"dependencies": {
				"preact": "^10.19.7",
				"preact-iso": "^2.4.0"
			},
			"devDependencies": {
				"wmr": "^3.8.0"
			}
		},
		"node_modules/fsevents": {
			"version": "2.3.3",
			"resolved": "https://registry.npmjs.org/fsevents/-/fsevents-2.3.3.tgz",
			"integrity": "sha512-5xoDfX+fL7faATnagmWPpbFtwh/R77WmMMqqHGS65C3vvB0YHrgF+B1YmZ3441tMj5n63k0212XNoJwzlhffQw==",
			"dev": true,
			"hasInstallScript": true,
			"optional": true,
			"os": [
				"darwin"
			],
			"engines": {
				"node": "^8.16.0 || ^10.6.0 || >=11.0.0"
			}
		},
		"node_modules/preact": {
			"version": "10.19.7",
			"resolved": "https://registry.npmjs.org/preact/-/preact-10.19.7.tgz",
			"integrity": "sha512-IJOW6cQN1fwfC17HfNOqUtAGyB8wAYshuC+jG1JiL/1+sC4yVyuA3IcF0N9vdodMJjW/lbuEF5qFsJqGNcbHbw==",
			"funding": {
				"type": "opencollective",
				"url": "https://opencollective.com/preact"
			}
		},
		"node_modules/preact-iso": {
			"version": "2.4.0",
			"resolved": "https://registry.npmjs.org/preact-iso/-/preact-iso-2.4.0.tgz",
			"integrity": "sha512-m/xT9oTvNRZ4K/C05Ha91HdT8OPZCjf6Rs4y9arTALYYb1O1qfmygaJHXzkXFVkpDItHnpXMcisiwLn7CsZoLg==",
			"peerDependencies": {
				"preact": ">=10",
				"preact-render-to-string": ">=5"
			},
			"peerDependenciesMeta": {
				"preact-render-to-string": {
					"optional": true
				}
			}
		},
		"node_modules/wmr": {
			"version": "3.8.0",
			"resolved": "https://registry.npmjs.org/wmr/-/wmr-3.8.0.tgz",
			"integrity": "sha512-W3f2nB80C9Y0uNZXWMoxINkz4HdBRxt5MvxmcFcMlO87Ybsf6ny23kVUUzU8RA2LX86CpReMHl2Y0BTMLezLRg==",
			"dev": true,
			"bin": {
				"wmr": "wmr.cjs"
			},
			"engines": {
				"node": ">=12.17.x"
			},
			"optionalDependencies": {
				"fsevents": "^2.1.3"
			}
		}
	}
}
